// !$*UTF8*$!
{
	archiveVersion = 1;
	classes = {
	};
	objectVersion = 55;
	objects = {

/* Begin PBXBuildFile section */
		CB77CD4A28B4D0B100FFBE21 /* The30DaysApp.swift in Sources */ = {isa = PBXBuildFile; fileRef = CB77CD4928B4D0B100FFBE21 /* The30DaysApp.swift */; };
		CB77CD4C28B4D0B100FFBE21 /* ContentView.swift in Sources */ = {isa = PBXBuildFile; fileRef = CB77CD4B28B4D0B100FFBE21 /* ContentView.swift */; };
		CB77CD4E28B4D0B300FFBE21 /* Assets.xcassets in Resources */ = {isa = PBXBuildFile; fileRef = CB77CD4D28B4D0B300FFBE21 /* Assets.xcassets */; };
		CB77CD5128B4D0B300FFBE21 /* Preview Assets.xcassets in Resources */ = {isa = PBXBuildFile; fileRef = CB77CD5028B4D0B300FFBE21 /* Preview Assets.xcassets */; };
		CB77CD5928B517D700FFBE21 /* LocalStorage.swift in Sources */ = {isa = PBXBuildFile; fileRef = CB77CD5828B517D700FFBE21 /* LocalStorage.swift */; };
		CB77CD5C28B517FB00FFBE21 /* AppStore.swift in Sources */ = {isa = PBXBuildFile; fileRef = CB77CD5B28B517FB00FFBE21 /* AppStore.swift */; };
		CB77CD5F28B5181400FFBE21 /* Matrix.swift in Sources */ = {isa = PBXBuildFile; fileRef = CB77CD5E28B5181400FFBE21 /* Matrix.swift */; };
/* End PBXBuildFile section */

/* Begin PBXFileReference section */
		CB77CD4628B4D0B100FFBE21 /* The30Days.app */ = {isa = PBXFileReference; explicitFileType = wrapper.application; includeInIndex = 0; path = The30Days.app; sourceTree = BUILT_PRODUCTS_DIR; };
		CB77CD4928B4D0B100FFBE21 /* The30DaysApp.swift */ = {isa = PBXFileReference; lastKnownFileType = sourcecode.swift; path = The30DaysApp.swift; sourceTree = "<group>"; };
		CB77CD4B28B4D0B100FFBE21 /* ContentView.swift */ = {isa = PBXFileReference; lastKnownFileType = sourcecode.swift; path = ContentView.swift; sourceTree = "<group>"; };
		CB77CD4D28B4D0B300FFBE21 /* Assets.xcassets */ = {isa = PBXFileReference; lastKnownFileType = folder.assetcatalog; path = Assets.xcassets; sourceTree = "<group>"; };
		CB77CD5028B4D0B300FFBE21 /* Preview Assets.xcassets */ = {isa = PBXFileReference; lastKnownFileType = folder.assetcatalog; path = "Preview Assets.xcassets"; sourceTree = "<group>"; };
		CB77CD5828B517D700FFBE21 /* LocalStorage.swift */ = {isa = PBXFileReference; lastKnownFileType = sourcecode.swift; path = LocalStorage.swift; sourceTree = "<group>"; };
		CB77CD5B28B517FB00FFBE21 /* AppStore.swift */ = {isa = PBXFileReference; lastKnownFileType = sourcecode.swift; path = AppStore.swift; sourceTree = "<group>"; };
		CB77CD5E28B5181400FFBE21 /* Matrix.swift */ = {isa = PBXFileReference; lastKnownFileType = sourcecode.swift; path = Matrix.swift; sourceTree = "<group>"; };
/* End PBXFileReference section */

/* Begin PBXFrameworksBuildPhase section */
		CB77CD4328B4D0B100FFBE21 /* Frameworks */ = {
			isa = PBXFrameworksBuildPhase;
			buildActionMask = 2147483647;
			files = (
			);
			runOnlyForDeploymentPostprocessing = 0;
		};
/* End PBXFrameworksBuildPhase section */

/* Begin PBXGroup section */
		CB77CD3D28B4D0B100FFBE21 = {
			isa = PBXGroup;
			children = (
				CB77CD4828B4D0B100FFBE21 /* The30Days */,
				CB77CD4728B4D0B100FFBE21 /* Products */,
			);
			sourceTree = "<group>";
		};
		CB77CD4728B4D0B100FFBE21 /* Products */ = {
			isa = PBXGroup;
			children = (
				CB77CD4628B4D0B100FFBE21 /* The30Days.app */,
			);
			name = Products;
			sourceTree = "<group>";
		};
		CB77CD4828B4D0B100FFBE21 /* The30Days */ = {
			isa = PBXGroup;
			children = (
				CB77CD4928B4D0B100FFBE21 /* The30DaysApp.swift */,
				CB77CD4B28B4D0B100FFBE21 /* ContentView.swift */,
				CB77CD5D28B5180F00FFBE21 /* Models */,
				CB77CD5A28B517E300FFBE21 /* ViewModels */,
				CB77CD5728B517CF00FFBE21 /* Storage */,
				CB77CD4D28B4D0B300FFBE21 /* Assets.xcassets */,
				CB77CD4F28B4D0B300FFBE21 /* Preview Content */,
			);
			path = The30Days;
			sourceTree = "<group>";
		};
		CB77CD4F28B4D0B300FFBE21 /* Preview Content */ = {
			isa = PBXGroup;
			children = (
				CB77CD5028B4D0B300FFBE21 /* Preview Assets.xcassets */,
			);
			path = "Preview Content";
			sourceTree = "<group>";
		};
		CB77CD5728B517CF00FFBE21 /* Storage */ = {
			isa = PBXGroup;
			children = (
				CB77CD5828B517D700FFBE21 /* LocalStorage.swift */,
			);
			path = Storage;
			sourceTree = "<group>";
		};
		CB77CD5A28B517E300FFBE21 /* ViewModels */ = {
			isa = PBXGroup;
			children = (
				CB77CD5B28B517FB00FFBE21 /* AppStore.swift */,
			);
			path = ViewModels;
			sourceTree = "<group>";
		};
		CB77CD5D28B5180F00FFBE21 /* Models */ = {
			isa = PBXGroup;
			children = (
				CB77CD5E28B5181400FFBE21 /* Matrix.swift */,
			);
			path = Models;
			sourceTree = "<group>";
		};
/* End PBXGroup section */

/* Begin PBXNativeTarget section */
		CB77CD4528B4D0B100FFBE21 /* The30Days */ = {
			isa = PBXNativeTarget;
			buildConfigurationList = CB77CD5428B4D0B300FFBE21 /* Build configuration list for PBXNativeTarget "The30Days" */;
			buildPhases = (
				CB77CD4228B4D0B100FFBE21 /* Sources */,
				CB77CD4328B4D0B100FFBE21 /* Frameworks */,
				CB77CD4428B4D0B100FFBE21 /* Resources */,
			);
			buildRules = (
			);
			dependencies = (
			);
			name = The30Days;
			productName = The30Days;
			productReference = CB77CD4628B4D0B100FFBE21 /* The30Days.app */;
			productType = "com.apple.product-type.application";
		};
/* End PBXNativeTarget section */

/* Begin PBXProject section */
		CB77CD3E28B4D0B100FFBE21 /* Project object */ = {
			isa = PBXProject;
			attributes = {
				BuildIndependentTargetsInParallel = 1;
				LastSwiftUpdateCheck = 1340;
				LastUpgradeCheck = 1340;
				TargetAttributes = {
					CB77CD4528B4D0B100FFBE21 = {
						CreatedOnToolsVersion = 13.4.1;
					};
				};
			};
			buildConfigurationList = CB77CD4128B4D0B100FFBE21 /* Build configuration list for PBXProject "The30Days" */;
			compatibilityVersion = "Xcode 13.0";
			developmentRegion = en;
			hasScannedForEncodings = 0;
			knownRegions = (
				en,
				Base,
			);
			mainGroup = CB77CD3D28B4D0B100FFBE21;
			productRefGroup = CB77CD4728B4D0B100FFBE21 /* Products */;
			projectDirPath = "";
			projectRoot = "";
			targets = (
				CB77CD4528B4D0B100FFBE21 /* The30Days */,
			);
		};
/* End PBXProject section */

/* Begin PBXResourcesBuildPhase section */
		CB77CD4428B4D0B100FFBE21 /* Resources */ = {
			isa = PBXResourcesBuildPhase;
			buildActionMask = 2147483647;
			files = (
				CB77CD5128B4D0B300FFBE21 /* Preview Assets.xcassets in Resources */,
				CB77CD4E28B4D0B300FFBE21 /* Assets.xcassets in Resources */,
			);
			runOnlyForDeploymentPostprocessing = 0;
		};
/* End PBXResourcesBuildPhase section */

/* Begin PBXSourcesBuildPhase section */
		CB77CD4228B4D0B100FFBE21 /* Sources */ = {
			isa = PBXSourcesBuildPhase;
			buildActionMask = 2147483647;
			files = (
				CB77CD5928B517D700FFBE21 /* LocalStorage.swift in Sources */,
				CB77CD5F28B5181400FFBE21 /* Matrix.swift in Sources */,
				CB77CD4C28B4D0B100FFBE21 /* ContentView.swift in Sources */,
				CB77CD4A28B4D0B100FFBE21 /* The30DaysApp.swift in Sources */,
				CB77CD5C28B517FB00FFBE21 /* AppStore.swift in Sources */,
			);
			runOnlyForDeploymentPostprocessing = 0;
		};
/* End PBXSourcesBuildPhase section */

/* Begin XCBuildConfiguration section */
		CB77CD5228B4D0B300FFBE21 /* Debug */ = {
			isa = XCBuildConfiguration;
			buildSettings = {
				ALWAYS_SEARCH_USER_PATHS = NO;
				CLANG_ANALYZER_NONNULL = YES;
				CLANG_ANALYZER_NUMBER_OBJECT_CONVERSION = YES_AGGRESSIVE;
				CLANG_CXX_LANGUAGE_STANDARD = "gnu++17";
				CLANG_ENABLE_MODULES = YES;
				CLANG_ENABLE_OBJC_ARC = YES;
				CLANG_ENABLE_OBJC_WEAK = YES;
				CLANG_WARN_BLOCK_CAPTURE_AUTORELEASING = YES;
				CLANG_WARN_BOOL_CONVERSION = YES;
				CLANG_WARN_COMMA = YES;
				CLANG_WARN_CONSTANT_CONVERSION = YES;
				CLANG_WARN_DEPRECATED_OBJC_IMPLEMENTATIONS = YES;
				CLANG_WARN_DIRECT_OBJC_ISA_USAGE = YES_ERROR;
				CLANG_WARN_DOCUMENTATION_COMMENTS = YES;
				CLANG_WARN_EMPTY_BODY = YES;
				CLANG_WARN_ENUM_CONVERSION = YES;
				CLANG_WARN_INFINITE_RECURSION = YES;
				CLANG_WARN_INT_CONVERSION = YES;
				CLANG_WARN_NON_LITERAL_NULL_CONVERSION = YES;
				CLANG_WARN_OBJC_IMPLICIT_RETAIN_SELF = YES;
				CLANG_WARN_OBJC_LITERAL_CONVERSION = YES;
				CLANG_WARN_OBJC_ROOT_CLASS = YES_ERROR;
				CLANG_WARN_QUOTED_INCLUDE_IN_FRAMEWORK_HEADER = YES;
				CLANG_WARN_RANGE_LOOP_ANALYSIS = YES;
				CLANG_WARN_STRICT_PROTOTYPES = YES;
				CLANG_WARN_SUSPICIOUS_MOVE = YES;
				CLANG_WARN_UNGUARDED_AVAILABILITY = YES_AGGRESSIVE;
				CLANG_WARN_UNREACHABLE_CODE = YES;
				CLANG_WARN__DUPLICATE_METHOD_MATCH = YES;
				COPY_PHASE_STRIP = NO;
				DEBUG_INFORMATION_FORMAT = dwarf;
				ENABLE_STRICT_OBJC_MSGSEND = YES;
				ENABLE_TESTABILITY = YES;
				GCC_C_LANGUAGE_STANDARD = gnu11;
				GCC_DYNAMIC_NO_PIC = NO;
				GCC_NO_COMMON_BLOCKS = YES;
				GCC_OPTIMIZATION_LEVEL = 0;
				GCC_PREPROCESSOR_DEFINITIONS = (
					"DEBUG=1",
					"$(inherited)",
				);
				GCC_WARN_64_TO_32_BIT_CONVERSION = YES;
				GCC_WARN_ABOUT_RETURN_TYPE = YES_ERROR;
				GCC_WARN_UNDECLARED_SELECTOR = YES;
				GCC_WARN_UNINITIALIZED_AUTOS = YES_AGGRESSIVE;
				GCC_WARN_UNUSED_FUNCTION = YES;
				GCC_WARN_UNUSED_VARIABLE = YES;
				IPHONEOS_DEPLOYMENT_TARGET = 15.5;
				MTL_ENABLE_DEBUG_INFO = INCLUDE_SOURCE;
				MTL_FAST_MATH = YES;
				ONLY_ACTIVE_ARCH = YES;
				SDKROOT = iphoneos;
				SWIFT_ACTIVE_COMPILATION_CONDITIONS = DEBUG;
				SWIFT_OPTIMIZATION_LEVEL = "-Onone";
			};
			name = Debug;
		};
		CB77CD5328B4D0B300FFBE21 /* Release */ = {
			isa = XCBuildConfiguration;
			buildSettings = {
				ALWAYS_SEARCH_USER_PATHS = NO;
				CLANG_ANALYZER_NONNULL = YES;
				CLANG_ANALYZER_NUMBER_OBJECT_CONVERSION = YES_AGGRESSIVE;
				CLANG_CXX_LANGUAGE_STANDARD = "gnu++17";
				CLANG_ENABLE_MODULES = YES;
				CLANG_ENABLE_OBJC_ARC = YES;
				CLANG_ENABLE_OBJC_WEAK = YES;
				CLANG_WARN_BLOCK_CAPTURE_AUTORELEASING = YES;
				CLANG_WARN_BOOL_CONVERSION = YES;
				CLANG_WARN_COMMA = YES;
				CLANG_WARN_CONSTANT_CONVERSION = YES;
				CLANG_WARN_DEPRECATED_OBJC_IMPLEMENTATIONS = YES;
				CLANG_WARN_DIRECT_OBJC_ISA_USAGE = YES_ERROR;
				CLANG_WARN_DOCUMENTATION_COMMENTS = YES;
				CLANG_WARN_EMPTY_BODY = YES;
				CLANG_WARN_ENUM_CONVERSION = YES;
				CLANG_WARN_INFINITE_RECURSION = YES;
				CLANG_WARN_INT_CONVERSION = YES;
				CLANG_WARN_NON_LITERAL_NULL_CONVERSION = YES;
				CLANG_WARN_OBJC_IMPLICIT_RETAIN_SELF = YES;
				CLANG_WARN_OBJC_LITERAL_CONVERSION = YES;
				CLANG_WARN_OBJC_ROOT_CLASS = YES_ERROR;
				CLANG_WARN_QUOTED_INCLUDE_IN_FRAMEWORK_HEADER = YES;
				CLANG_WARN_RANGE_LOOP_ANALYSIS = YES;
				CLANG_WARN_STRICT_PROTOTYPES = YES;
				CLANG_WARN_SUSPICIOUS_MOVE = YES;
				CLANG_WARN_UNGUARDED_AVAILABILITY = YES_AGGRESSIVE;
				CLANG_WARN_UNREACHABLE_CODE = YES;
				CLANG_WARN__DUPLICATE_METHOD_MATCH = YES;
				COPY_PHASE_STRIP = NO;
				DEBUG_INFORMATION_FORMAT = "dwarf-with-dsym";
				ENABLE_NS_ASSERTIONS = NO;
				ENABLE_STRICT_OBJC_MSGSEND = YES;
				GCC_C_LANGUAGE_STANDARD = gnu11;
				GCC_NO_COMMON_BLOCKS = YES;
				GCC_WARN_64_TO_32_BIT_CONVERSION = YES;
				GCC_WARN_ABOUT_RETURN_TYPE = YES_ERROR;
				GCC_WARN_UNDECLARED_SELECTOR = YES;
				GCC_WARN_UNINITIALIZED_AUTOS = YES_AGGRESSIVE;
				GCC_WARN_UNUSED_FUNCTION = YES;
				GCC_WARN_UNUSED_VARIABLE = YES;
				IPHONEOS_DEPLOYMENT_TARGET = 15.5;
				MTL_ENABLE_DEBUG_INFO = NO;
				MTL_FAST_MATH = YES;
				SDKROOT = iphoneos;
				SWIFT_COMPILATION_MODE = wholemodule;
				SWIFT_OPTIMIZATION_LEVEL = "-O";
				VALIDATE_PRODUCT = YES;
			};
			name = Release;
		};
		CB77CD5528B4D0B300FFBE21 /* Debug */ = {
			isa = XCBuildConfiguration;
			buildSettings = {
				ASSETCATALOG_COMPILER_APPICON_NAME = AppIcon;
				ASSETCATALOG_COMPILER_GLOBAL_ACCENT_COLOR_NAME = AccentColor;
				CODE_SIGN_STYLE = Automatic;
				CURRENT_PROJECT_VERSION = 1;
				DEVELOPMENT_ASSET_PATHS = "\"The30Days/Preview Content\"";
				DEVELOPMENT_TEAM = 6V9B6LUW22;
				ENABLE_PREVIEWS = YES;
				GENERATE_INFOPLIST_FILE = YES;
				INFOPLIST_KEY_UIApplicationSceneManifest_Generation = YES;
				INFOPLIST_KEY_UIApplicationSupportsIndirectInputEvents = YES;
				INFOPLIST_KEY_UILaunchScreen_Generation = YES;
				INFOPLIST_KEY_UISupportedInterfaceOrientations_iPad = "UIInterfaceOrientationPortrait UIInterfaceOrientationPortraitUpsideDown UIInterfaceOrientationLandscapeLeft UIInterfaceOrientationLandscapeRight";
				INFOPLIST_KEY_UISupportedInterfaceOrientations_iPhone = "UIInterfaceOrientationPortrait UIInterfaceOrientationLandscapeLeft UIInterfaceOrientationLandscapeRight";
				LD_RUNPATH_SEARCH_PATHS = (
					"$(inherited)",
					"@executable_path/Frameworks",
				);
				MARKETING_VERSION = 1.0;
				PRODUCT_BUNDLE_IDENTIFIER = com.abc.incs.cedricbahirwe.The30Days;
				PRODUCT_NAME = "$(TARGET_NAME)";
				SWIFT_EMIT_LOC_STRINGS = YES;
				SWIFT_VERSION = 5.0;
				TARGETED_DEVICE_FAMILY = "1,2";
			};
			name = Debug;
		};
		CB77CD5628B4D0B300FFBE21 /* Release */ = {
			isa = XCBuildConfiguration;
			buildSettings = {
				ASSETCATALOG_COMPILER_APPICON_NAME = AppIcon;
				ASSETCATALOG_COMPILER_GLOBAL_ACCENT_COLOR_NAME = AccentColor;
				CODE_SIGN_STYLE = Automatic;
				CURRENT_PROJECT_VERSION = 1;
				DEVELOPMENT_ASSET_PATHS = "\"The30Days/Preview Content\"";
				DEVELOPMENT_TEAM = 6V9B6LUW22;
				ENABLE_PREVIEWS = YES;
				GENERATE_INFOPLIST_FILE = YES;
				INFOPLIST_KEY_UIApplicationSceneManifest_Generation = YES;
				INFOPLIST_KEY_UIApplicationSupportsIndirectInputEvents = YES;
				INFOPLIST_KEY_UILaunchScreen_Generation = YES;
				INFOPLIST_KEY_UISupportedInterfaceOrientations_iPad = "UIInterfaceOrientationPortrait UIInterfaceOrientationPortraitUpsideDown UIInterfaceOrientationLandscapeLeft UIInterfaceOrientationLandscapeRight";
				INFOPLIST_KEY_UISupportedInterfaceOrientations_iPhone = "UIInterfaceOrientationPortrait UIInterfaceOrientationLandscapeLeft UIInterfaceOrientationLandscapeRight";
				LD_RUNPATH_SEARCH_PATHS = (
					"$(inherited)",
					"@executable_path/Frameworks",
				);
				MARKETING_VERSION = 1.0;
				PRODUCT_BUNDLE_IDENTIFIER = com.abc.incs.cedricbahirwe.The30Days;
				PRODUCT_NAME = "$(TARGET_NAME)";
				SWIFT_EMIT_LOC_STRINGS = YES;
				SWIFT_VERSION = 5.0;
				TARGETED_DEVICE_FAMILY = "1,2";
			};
			name = Release;
		};
/* End XCBuildConfiguration section */

/* Begin XCConfigurationList section */
		CB77CD4128B4D0B100FFBE21 /* Build configuration list for PBXProject "The30Days" */ = {
			isa = XCConfigurationList;
			buildConfigurations = (
				CB77CD5228B4D0B300FFBE21 /* Debug */,
				CB77CD5328B4D0B300FFBE21 /* Release */,
			);
			defaultConfigurationIsVisible = 0;
			defaultConfigurationName = Release;
		};
		CB77CD5428B4D0B300FFBE21 /* Build configuration list for PBXNativeTarget "The30Days" */ = {
			isa = XCConfigurationList;
			buildConfigurations = (
				CB77CD5528B4D0B300FFBE21 /* Debug */,
				CB77CD5628B4D0B300FFBE21 /* Release */,
			);
			defaultConfigurationIsVisible = 0;
			defaultConfigurationName = Release;
		};
/* End XCConfigurationList section */
	};
	rootObject = CB77CD3E28B4D0B100FFBE21 /* Project object */;
}
